{
  "name": "@vb/i2c-cli",
  "version": "1.0.3",
  "lockfileVersion": 1,
  "requires": true,
  "dependencies": {
    "@types/i2c-bus": {
      "version": "5.1.0",
      "resolved": "https://registry.npmjs.org/@types/i2c-bus/-/i2c-bus-5.1.0.tgz",
      "integrity": "sha512-zBwBpfaFzKtYaS2j/sh+m/zKRcbXuG26/wWlJq3F9+oWXQ9DSxuJXOU+t1PMorj3DBZzpLO8LqbVTGRE1PUb3g==",
      "requires": {
        "@types/node": "*"
      }
    },
    "@types/node": {
      "version": "6.14.9",
      "resolved": "https://registry.npmjs.org/@types/node/-/node-6.14.9.tgz",
      "integrity": "sha512-leP/gxHunuazPdZaCvsCefPQxinqUDsCxCR5xaDUrY2MkYxQRFZZwU5e7GojyYsGB7QVtCi7iVEl/hoFXQYc+w=="
    },
    "ansi-regex": {
      "version": "2.1.1",
      "resolved": "https://registry.npmjs.org/ansi-regex/-/ansi-regex-2.1.1.tgz",
      "integrity": "sha1-w7M6te42DYbg5ijwRorn7yfWVN8="
    },
    "bindings": {
      "version": "1.5.0",
      "resolved": "https://registry.npmjs.org/bindings/-/bindings-1.5.0.tgz",
      "integrity": "sha512-p2q/t/mhvuOj/UeLlV6566GD/guowlr0hHxClI0W9m7MWYkL1F0hLo+0Aexs9HSPCtR1SXQ0TD3MMKrXZajbiQ==",
      "requires": {
        "file-uri-to-path": "1.0.0"
      }
    },
    "cliffy": {
      "version": "2.3.0",
      "resolved": "https://registry.npmjs.org/cliffy/-/cliffy-2.3.0.tgz",
      "integrity": "sha512-VN/0xNzQAqg68KzMmeTH3lpQbhb1WjZw40qoa3zl1DjXUstTvuRm5SUGHpmMosoPIlJe/2jh4AROwIVj4/uBBg==",
      "requires": {
        "@types/node": "^6.0.0",
        "columnify": "^1.5.4",
        "indent": "0.0.2"
      }
    },
    "clone": {
      "version": "1.0.4",
      "resolved": "https://registry.npmjs.org/clone/-/clone-1.0.4.tgz",
      "integrity": "sha1-2jCcwmPfFZlMaIypAheco8fNfH4="
    },
    "columnify": {
      "version": "1.5.4",
      "resolved": "https://registry.npmjs.org/columnify/-/columnify-1.5.4.tgz",
      "integrity": "sha1-Rzfd8ce2mop8NAVweC6UfuyOeLs=",
      "requires": {
        "strip-ansi": "^3.0.0",
        "wcwidth": "^1.0.0"
      }
    },
    "defaults": {
      "version": "1.0.3",
      "resolved": "https://registry.npmjs.org/defaults/-/defaults-1.0.3.tgz",
      "integrity": "sha1-xlYFHpgX2f8I7YgUd/P+QBnz730=",
      "requires": {
        "clone": "^1.0.2"
      }
    },
    "file-uri-to-path": {
      "version": "1.0.0",
      "resolved": "https://registry.npmjs.org/file-uri-to-path/-/file-uri-to-path-1.0.0.tgz",
      "integrity": "sha512-0Zt+s3L7Vf1biwWZ29aARiVYLx7iMGnEUl9x33fbB/j3jR81u/O2LbqK+Bm1CDSNDKVtJ/YjwY7TUd5SkeLQLw=="
    },
    "i2c-bus": {
      "version": "5.1.0",
      "resolved": "https://registry.npmjs.org/i2c-bus/-/i2c-bus-5.1.0.tgz",
      "integrity": "sha512-u/q1fuZ5xrG77y3uo1rAANycboXsRNjneN+6jXRNMT2yRNpanVkbAP+IArwgsPRCHaY/zKxw7x5G8Y2fSPNseA==",
      "requires": {
        "bindings": "^1.5.0",
        "nan": "^2.14.0"
      }
    },
    "indent": {
      "version": "0.0.2",
      "resolved": "https://registry.npmjs.org/indent/-/indent-0.0.2.tgz",
      "integrity": "sha1-jHnwgBkFWbaHA0uEx676l9WpEdk="
    },
    "nan": {
      "version": "2.14.0",
      "resolved": "https://registry.npmjs.org/nan/-/nan-2.14.0.tgz",
      "integrity": "sha512-INOFj37C7k3AfaNTtX8RhsTw7qRy7eLET14cROi9+5HAVbbHuIWUHEauBv5qT4Av2tWasiTY1Jw6puUNqRJXQg=="
    },
    "strip-ansi": {
      "version": "3.0.1",
      "resolved": "https://registry.npmjs.org/strip-ansi/-/strip-ansi-3.0.1.tgz",
      "integrity": "sha1-ajhfuIU9lS1f8F0Oiq+UJ43GPc8=",
      "requires": {
        "ansi-regex": "^2.0.0"
      }
    },
    "typescript": {
      "version": "3.8.2",
      "resolved": "https://registry.npmjs.org/typescript/-/typescript-3.8.2.tgz",
      "integrity": "sha512-EgOVgL/4xfVrCMbhYKUQTdF37SQn4Iw73H5BgCrF1Abdun7Kwy/QZsE/ssAy0y4LxBbvua3PIbFsbRczWWnDdQ==",
      "dev": true
    },
    "wcwidth": {
      "version": "1.0.1",
      "resolved": "https://registry.npmjs.org/wcwidth/-/wcwidth-1.0.1.tgz",
      "integrity": "sha1-8LDc+RW8X/FSivrbLA4XtTLaL+g=",
      "requires": {
        "defaults": "^1.0.3"
      }
    }
  }
}
